
Microsoft Visual Studio Solution File, Format Version 12.00
# Visual Studio 14
VisualStudioVersion = 14.0.25420.1
MinimumVisualStudioVersion = 10.0.40219.1
Project("{2150E333-8FDC-42A3-9474-1A3956D46DE8}") = "Chat", "Chat", "{9CE618CE-1328-4883-A652-41F0CC173713}"
EndProject
Project("{FAE04EC0-301F-11D3-BF4B-00C04F79EFBC}") = "Warning", "Warning\Warning.csproj", "{7D526995-68EC-4759-9C70-C6150F393700}"
EndProject
Project("{FAE04EC0-301F-11D3-BF4B-00C04F79EFBC}") = "VerifyUser", "VerifyUser\VerifyUser.csproj", "{F324A1EA-9FC2-4876-9E61-E2A96B68A3CF}"
EndProject
Project("{FAE04EC0-301F-11D3-BF4B-00C04F79EFBC}") = "ShutDown", "ShutDown\ShutDown.csproj", "{30F5F4AD-3335-4A33-BA69-6474749F2558}"
EndProject
Project("{FAE04EC0-301F-11D3-BF4B-00C04F79EFBC}") = "RemainingTime", "RemainingTime\RemainingTime.csproj", "{2C9B353F-2ED8-4B32-A815-A42D1856D76B}"
EndProject
Project("{FAE04EC0-301F-11D3-BF4B-00C04F79EFBC}") = "My Spy Worker", "My Spy Worker\My Spy Worker.csproj", "{0B605888-96BF-4476-9A72-EB4B99D70A7B}"
EndProject
Project("{FAE04EC0-301F-11D3-BF4B-00C04F79EFBC}") = "My Spy Service", "My Spy Service\My Spy Service.csproj", "{B55D8796-3023-49DE-A012-A547AB386AC1}"
EndProject
Project("{54435603-DBB4-11D2-8724-00A0C9A8B90C}") = "My Spy Installer", "My Spy Installer\My Spy Installer.vdproj", "{433B17D7-5CDD-4EDD-8C3C-337D45C37560}"
EndProject
Project("{FAE04EC0-301F-11D3-BF4B-00C04F79EFBC}") = "My Spy Administrator", "My Spy Administrator\My Spy Administrator.csproj", "{7D16DAB3-1C7B-463A-B19C-69771EC257BF}"
EndProject
Project("{FAE04EC0-301F-11D3-BF4B-00C04F79EFBC}") = "ForgottenPassword", "ForgottenPassword\ForgottenPassword.csproj", "{2A792FF8-F3E2-490B-9F8B-974AC8224393}"
EndProject
Project("{FAE04EC0-301F-11D3-BF4B-00C04F79EFBC}") = "GetRunningApplications", "GetRunningApplications\GetRunningApplications.csproj", "{57835A60-1D82-486A-9B3F-D02908B6FA10}"
EndProject
Project("{FAE04EC0-301F-11D3-BF4B-00C04F79EFBC}") = "My Spy", "My Spy\My Spy.csproj", "{42B37308-EC4C-4A77-B9B6-307EDD5E20F7}"
EndProject
Project("{FAE04EC0-301F-11D3-BF4B-00C04F79EFBC}") = "Chat", "Chat\Chat\Chat.csproj", "{D1EA23DC-7538-4785-9C3C-3902DCAE60A7}"
EndProject
Project("{FAE04EC0-301F-11D3-BF4B-00C04F79EFBC}") = "Chat_Android", "Chat\Chat_Android\Chat_Android.csproj", "{873643E6-B16B-4DA1-9CE6-C552BE56D37F}"
EndProject
Project("{FAE04EC0-301F-11D3-BF4B-00C04F79EFBC}") = "Welcome", "Welcome\Welcome.csproj", "{EEABE2CE-C22F-4EFA-85C9-B9BBBC70B33E}"
EndProject
Global
	GlobalSection(SolutionConfigurationPlatforms) = preSolution
		Ad-Hoc|Any CPU = Ad-Hoc|Any CPU
		Ad-Hoc|ARM = Ad-Hoc|ARM
		Ad-Hoc|iPhone = Ad-Hoc|iPhone
		Ad-Hoc|iPhoneSimulator = Ad-Hoc|iPhoneSimulator
		Ad-Hoc|x64 = Ad-Hoc|x64
		Ad-Hoc|x86 = Ad-Hoc|x86
		AppStore|Any CPU = AppStore|Any CPU
		AppStore|ARM = AppStore|ARM
		AppStore|iPhone = AppStore|iPhone
		AppStore|iPhoneSimulator = AppStore|iPhoneSimulator
		AppStore|x64 = AppStore|x64
		AppStore|x86 = AppStore|x86
		Debug|Any CPU = Debug|Any CPU
		Debug|ARM = Debug|ARM
		Debug|iPhone = Debug|iPhone
		Debug|iPhoneSimulator = Debug|iPhoneSimulator
		Debug|x64 = Debug|x64
		Debug|x86 = Debug|x86
		Release|Any CPU = Release|Any CPU
		Release|ARM = Release|ARM
		Release|iPhone = Release|iPhone
		Release|iPhoneSimulator = Release|iPhoneSimulator
		Release|x64 = Release|x64
		Release|x86 = Release|x86
	EndGlobalSection
	GlobalSection(ProjectConfigurationPlatforms) = postSolution
		{7D526995-68EC-4759-9C70-C6150F393700}.Ad-Hoc|Any CPU.ActiveCfg = Release|Any CPU
		{7D526995-68EC-4759-9C70-C6150F393700}.Ad-Hoc|Any CPU.Build.0 = Release|Any CPU
		{7D526995-68EC-4759-9C70-C6150F393700}.Ad-Hoc|ARM.ActiveCfg = Release|Any CPU
		{7D526995-68EC-4759-9C70-C6150F393700}.Ad-Hoc|ARM.Build.0 = Release|Any CPU
		{7D526995-68EC-4759-9C70-C6150F393700}.Ad-Hoc|iPhone.ActiveCfg = Release|Any CPU
		{7D526995-68EC-4759-9C70-C6150F393700}.Ad-Hoc|iPhone.Build.0 = Release|Any CPU
		{7D526995-68EC-4759-9C70-C6150F393700}.Ad-Hoc|iPhoneSimulator.ActiveCfg = Release|Any CPU
		{7D526995-68EC-4759-9C70-C6150F393700}.Ad-Hoc|iPhoneSimulator.Build.0 = Release|Any CPU
		{7D526995-68EC-4759-9C70-C6150F393700}.Ad-Hoc|x64.ActiveCfg = Release|Any CPU
		{7D526995-68EC-4759-9C70-C6150F393700}.Ad-Hoc|x64.Build.0 = Release|Any CPU
		{7D526995-68EC-4759-9C70-C6150F393700}.Ad-Hoc|x86.ActiveCfg = Release|Any CPU
		{7D526995-68EC-4759-9C70-C6150F393700}.Ad-Hoc|x86.Build.0 = Release|Any CPU
		{7D526995-68EC-4759-9C70-C6150F393700}.AppStore|Any CPU.ActiveCfg = Release|Any CPU
		{7D526995-68EC-4759-9C70-C6150F393700}.AppStore|Any CPU.Build.0 = Release|Any CPU
		{7D526995-68EC-4759-9C70-C6150F393700}.AppStore|ARM.ActiveCfg = Release|Any CPU
		{7D526995-68EC-4759-9C70-C6150F393700}.AppStore|ARM.Build.0 = Release|Any CPU
		{7D526995-68EC-4759-9C70-C6150F393700}.AppStore|iPhone.ActiveCfg = Release|Any CPU
		{7D526995-68EC-4759-9C70-C6150F393700}.AppStore|iPhone.Build.0 = Release|Any CPU
		{7D526995-68EC-4759-9C70-C6150F393700}.AppStore|iPhoneSimulator.ActiveCfg = Release|Any CPU
		{7D526995-68EC-4759-9C70-C6150F393700}.AppStore|iPhoneSimulator.Build.0 = Release|Any CPU
		{7D526995-68EC-4759-9C70-C6150F393700}.AppStore|x64.ActiveCfg = Release|Any CPU
		{7D526995-68EC-4759-9C70-C6150F393700}.AppStore|x64.Build.0 = Release|Any CPU
		{7D526995-68EC-4759-9C70-C6150F393700}.AppStore|x86.ActiveCfg = Release|Any CPU
		{7D526995-68EC-4759-9C70-C6150F393700}.AppStore|x86.Build.0 = Release|Any CPU
		{7D526995-68EC-4759-9C70-C6150F393700}.Debug|Any CPU.ActiveCfg = Debug|Any CPU
		{7D526995-68EC-4759-9C70-C6150F393700}.Debug|Any CPU.Build.0 = Debug|Any CPU
		{7D526995-68EC-4759-9C70-C6150F393700}.Debug|ARM.ActiveCfg = Debug|Any CPU
		{7D526995-68EC-4759-9C70-C6150F393700}.Debug|ARM.Build.0 = Debug|Any CPU
		{7D526995-68EC-4759-9C70-C6150F393700}.Debug|iPhone.ActiveCfg = Debug|Any CPU
		{7D526995-68EC-4759-9C70-C6150F393700}.Debug|iPhone.Build.0 = Debug|Any CPU
		{7D526995-68EC-4759-9C70-C6150F393700}.Debug|iPhoneSimulator.ActiveCfg = Debug|Any CPU
		{7D526995-68EC-4759-9C70-C6150F393700}.Debug|iPhoneSimulator.Build.0 = Debug|Any CPU
		{7D526995-68EC-4759-9C70-C6150F393700}.Debug|x64.ActiveCfg = Debug|Any CPU
		{7D526995-68EC-4759-9C70-C6150F393700}.Debug|x64.Build.0 = Debug|Any CPU
		{7D526995-68EC-4759-9C70-C6150F393700}.Debug|x86.ActiveCfg = Debug|Any CPU
		{7D526995-68EC-4759-9C70-C6150F393700}.Debug|x86.Build.0 = Debug|Any CPU
		{7D526995-68EC-4759-9C70-C6150F393700}.Release|Any CPU.ActiveCfg = Release|Any CPU
		{7D526995-68EC-4759-9C70-C6150F393700}.Release|Any CPU.Build.0 = Release|Any CPU
		{7D526995-68EC-4759-9C70-C6150F393700}.Release|ARM.ActiveCfg = Release|Any CPU
		{7D526995-68EC-4759-9C70-C6150F393700}.Release|ARM.Build.0 = Release|Any CPU
		{7D526995-68EC-4759-9C70-C6150F393700}.Release|iPhone.ActiveCfg = Release|Any CPU
		{7D526995-68EC-4759-9C70-C6150F393700}.Release|iPhone.Build.0 = Release|Any CPU
		{7D526995-68EC-4759-9C70-C6150F393700}.Release|iPhoneSimulator.ActiveCfg = Release|Any CPU
		{7D526995-68EC-4759-9C70-C6150F393700}.Release|iPhoneSimulator.Build.0 = Release|Any CPU
		{7D526995-68EC-4759-9C70-C6150F393700}.Release|x64.ActiveCfg = Release|Any CPU
		{7D526995-68EC-4759-9C70-C6150F393700}.Release|x64.Build.0 = Release|Any CPU
		{7D526995-68EC-4759-9C70-C6150F393700}.Release|x86.ActiveCfg = Release|Any CPU
		{7D526995-68EC-4759-9C70-C6150F393700}.Release|x86.Build.0 = Release|Any CPU
		{F324A1EA-9FC2-4876-9E61-E2A96B68A3CF}.Ad-Hoc|Any CPU.ActiveCfg = Release|Any CPU
		{F324A1EA-9FC2-4876-9E61-E2A96B68A3CF}.Ad-Hoc|Any CPU.Build.0 = Release|Any CPU
		{F324A1EA-9FC2-4876-9E61-E2A96B68A3CF}.Ad-Hoc|ARM.ActiveCfg = Release|Any CPU
		{F324A1EA-9FC2-4876-9E61-E2A96B68A3CF}.Ad-Hoc|ARM.Build.0 = Release|Any CPU
		{F324A1EA-9FC2-4876-9E61-E2A96B68A3CF}.Ad-Hoc|iPhone.ActiveCfg = Release|Any CPU
		{F324A1EA-9FC2-4876-9E61-E2A96B68A3CF}.Ad-Hoc|iPhone.Build.0 = Release|Any CPU
		{F324A1EA-9FC2-4876-9E61-E2A96B68A3CF}.Ad-Hoc|iPhoneSimulator.ActiveCfg = Release|Any CPU
		{F324A1EA-9FC2-4876-9E61-E2A96B68A3CF}.Ad-Hoc|iPhoneSimulator.Build.0 = Release|Any CPU
		{F324A1EA-9FC2-4876-9E61-E2A96B68A3CF}.Ad-Hoc|x64.ActiveCfg = Release|Any CPU
		{F324A1EA-9FC2-4876-9E61-E2A96B68A3CF}.Ad-Hoc|x64.Build.0 = Release|Any CPU
		{F324A1EA-9FC2-4876-9E61-E2A96B68A3CF}.Ad-Hoc|x86.ActiveCfg = Release|Any CPU
		{F324A1EA-9FC2-4876-9E61-E2A96B68A3CF}.Ad-Hoc|x86.Build.0 = Release|Any CPU
		{F324A1EA-9FC2-4876-9E61-E2A96B68A3CF}.AppStore|Any CPU.ActiveCfg = Release|Any CPU
		{F324A1EA-9FC2-4876-9E61-E2A96B68A3CF}.AppStore|Any CPU.Build.0 = Release|Any CPU
		{F324A1EA-9FC2-4876-9E61-E2A96B68A3CF}.AppStore|ARM.ActiveCfg = Release|Any CPU
		{F324A1EA-9FC2-4876-9E61-E2A96B68A3CF}.AppStore|ARM.Build.0 = Release|Any CPU
		{F324A1EA-9FC2-4876-9E61-E2A96B68A3CF}.AppStore|iPhone.ActiveCfg = Release|Any CPU
		{F324A1EA-9FC2-4876-9E61-E2A96B68A3CF}.AppStore|iPhone.Build.0 = Release|Any CPU
		{F324A1EA-9FC2-4876-9E61-E2A96B68A3CF}.AppStore|iPhoneSimulator.ActiveCfg = Release|Any CPU
		{F324A1EA-9FC2-4876-9E61-E2A96B68A3CF}.AppStore|iPhoneSimulator.Build.0 = Release|Any CPU
		{F324A1EA-9FC2-4876-9E61-E2A96B68A3CF}.AppStore|x64.ActiveCfg = Release|Any CPU
		{F324A1EA-9FC2-4876-9E61-E2A96B68A3CF}.AppStore|x64.Build.0 = Release|Any CPU
		{F324A1EA-9FC2-4876-9E61-E2A96B68A3CF}.AppStore|x86.ActiveCfg = Release|Any CPU
		{F324A1EA-9FC2-4876-9E61-E2A96B68A3CF}.AppStore|x86.Build.0 = Release|Any CPU
		{F324A1EA-9FC2-4876-9E61-E2A96B68A3CF}.Debug|Any CPU.ActiveCfg = Debug|Any CPU
		{F324A1EA-9FC2-4876-9E61-E2A96B68A3CF}.Debug|Any CPU.Build.0 = Debug|Any CPU
		{F324A1EA-9FC2-4876-9E61-E2A96B68A3CF}.Debug|ARM.ActiveCfg = Debug|Any CPU
		{F324A1EA-9FC2-4876-9E61-E2A96B68A3CF}.Debug|ARM.Build.0 = Debug|Any CPU
		{F324A1EA-9FC2-4876-9E61-E2A96B68A3CF}.Debug|iPhone.ActiveCfg = Debug|Any CPU
		{F324A1EA-9FC2-4876-9E61-E2A96B68A3CF}.Debug|iPhone.Build.0 = Debug|Any CPU
		{F324A1EA-9FC2-4876-9E61-E2A96B68A3CF}.Debug|iPhoneSimulator.ActiveCfg = Debug|Any CPU
		{F324A1EA-9FC2-4876-9E61-E2A96B68A3CF}.Debug|iPhoneSimulator.Build.0 = Debug|Any CPU
		{F324A1EA-9FC2-4876-9E61-E2A96B68A3CF}.Debug|x64.ActiveCfg = Debug|Any CPU
		{F324A1EA-9FC2-4876-9E61-E2A96B68A3CF}.Debug|x64.Build.0 = Debug|Any CPU
		{F324A1EA-9FC2-4876-9E61-E2A96B68A3CF}.Debug|x86.ActiveCfg = Debug|Any CPU
		{F324A1EA-9FC2-4876-9E61-E2A96B68A3CF}.Debug|x86.Build.0 = Debug|Any CPU
		{F324A1EA-9FC2-4876-9E61-E2A96B68A3CF}.Release|Any CPU.ActiveCfg = Release|Any CPU
		{F324A1EA-9FC2-4876-9E61-E2A96B68A3CF}.Release|Any CPU.Build.0 = Release|Any CPU
		{F324A1EA-9FC2-4876-9E61-E2A96B68A3CF}.Release|ARM.ActiveCfg = Release|Any CPU
		{F324A1EA-9FC2-4876-9E61-E2A96B68A3CF}.Release|ARM.Build.0 = Release|Any CPU
		{F324A1EA-9FC2-4876-9E61-E2A96B68A3CF}.Release|iPhone.ActiveCfg = Release|Any CPU
		{F324A1EA-9FC2-4876-9E61-E2A96B68A3CF}.Release|iPhone.Build.0 = Release|Any CPU
		{F324A1EA-9FC2-4876-9E61-E2A96B68A3CF}.Release|iPhoneSimulator.ActiveCfg = Release|Any CPU
		{F324A1EA-9FC2-4876-9E61-E2A96B68A3CF}.Release|iPhoneSimulator.Build.0 = Release|Any CPU
		{F324A1EA-9FC2-4876-9E61-E2A96B68A3CF}.Release|x64.ActiveCfg = Release|Any CPU
		{F324A1EA-9FC2-4876-9E61-E2A96B68A3CF}.Release|x64.Build.0 = Release|Any CPU
		{F324A1EA-9FC2-4876-9E61-E2A96B68A3CF}.Release|x86.ActiveCfg = Release|Any CPU
		{F324A1EA-9FC2-4876-9E61-E2A96B68A3CF}.Release|x86.Build.0 = Release|Any CPU
		{30F5F4AD-3335-4A33-BA69-6474749F2558}.Ad-Hoc|Any CPU.ActiveCfg = Release|Any CPU
		{30F5F4AD-3335-4A33-BA69-6474749F2558}.Ad-Hoc|Any CPU.Build.0 = Release|Any CPU
		{30F5F4AD-3335-4A33-BA69-6474749F2558}.Ad-Hoc|ARM.ActiveCfg = Release|Any CPU
		{30F5F4AD-3335-4A33-BA69-6474749F2558}.Ad-Hoc|ARM.Build.0 = Release|Any CPU
		{30F5F4AD-3335-4A33-BA69-6474749F2558}.Ad-Hoc|iPhone.ActiveCfg = Release|Any CPU
		{30F5F4AD-3335-4A33-BA69-6474749F2558}.Ad-Hoc|iPhone.Build.0 = Release|Any CPU
		{30F5F4AD-3335-4A33-BA69-6474749F2558}.Ad-Hoc|iPhoneSimulator.ActiveCfg = Release|Any CPU
		{30F5F4AD-3335-4A33-BA69-6474749F2558}.Ad-Hoc|iPhoneSimulator.Build.0 = Release|Any CPU
		{30F5F4AD-3335-4A33-BA69-6474749F2558}.Ad-Hoc|x64.ActiveCfg = Release|Any CPU
		{30F5F4AD-3335-4A33-BA69-6474749F2558}.Ad-Hoc|x64.Build.0 = Release|Any CPU
		{30F5F4AD-3335-4A33-BA69-6474749F2558}.Ad-Hoc|x86.ActiveCfg = Release|Any CPU
		{30F5F4AD-3335-4A33-BA69-6474749F2558}.Ad-Hoc|x86.Build.0 = Release|Any CPU
		{30F5F4AD-3335-4A33-BA69-6474749F2558}.AppStore|Any CPU.ActiveCfg = Release|Any CPU
		{30F5F4AD-3335-4A33-BA69-6474749F2558}.AppStore|Any CPU.Build.0 = Release|Any CPU
		{30F5F4AD-3335-4A33-BA69-6474749F2558}.AppStore|ARM.ActiveCfg = Release|Any CPU
		{30F5F4AD-3335-4A33-BA69-6474749F2558}.AppStore|ARM.Build.0 = Release|Any CPU
		{30F5F4AD-3335-4A33-BA69-6474749F2558}.AppStore|iPhone.ActiveCfg = Release|Any CPU
		{30F5F4AD-3335-4A33-BA69-6474749F2558}.AppStore|iPhone.Build.0 = Release|Any CPU
		{30F5F4AD-3335-4A33-BA69-6474749F2558}.AppStore|iPhoneSimulator.ActiveCfg = Release|Any CPU
		{30F5F4AD-3335-4A33-BA69-6474749F2558}.AppStore|iPhoneSimulator.Build.0 = Release|Any CPU
		{30F5F4AD-3335-4A33-BA69-6474749F2558}.AppStore|x64.ActiveCfg = Release|Any CPU
		{30F5F4AD-3335-4A33-BA69-6474749F2558}.AppStore|x64.Build.0 = Release|Any CPU
		{30F5F4AD-3335-4A33-BA69-6474749F2558}.AppStore|x86.ActiveCfg = Release|Any CPU
		{30F5F4AD-3335-4A33-BA69-6474749F2558}.AppStore|x86.Build.0 = Release|Any CPU
		{30F5F4AD-3335-4A33-BA69-6474749F2558}.Debug|Any CPU.ActiveCfg = Debug|Any CPU
		{30F5F4AD-3335-4A33-BA69-6474749F2558}.Debug|Any CPU.Build.0 = Debug|Any CPU
		{30F5F4AD-3335-4A33-BA69-6474749F2558}.Debug|ARM.ActiveCfg = Debug|Any CPU
		{30F5F4AD-3335-4A33-BA69-6474749F2558}.Debug|ARM.Build.0 = Debug|Any CPU
		{30F5F4AD-3335-4A33-BA69-6474749F2558}.Debug|iPhone.ActiveCfg = Debug|Any CPU
		{30F5F4AD-3335-4A33-BA69-6474749F2558}.Debug|iPhone.Build.0 = Debug|Any CPU
		{30F5F4AD-3335-4A33-BA69-6474749F2558}.Debug|iPhoneSimulator.ActiveCfg = Debug|Any CPU
		{30F5F4AD-3335-4A33-BA69-6474749F2558}.Debug|iPhoneSimulator.Build.0 = Debug|Any CPU
		{30F5F4AD-3335-4A33-BA69-6474749F2558}.Debug|x64.ActiveCfg = Debug|Any CPU
		{30F5F4AD-3335-4A33-BA69-6474749F2558}.Debug|x64.Build.0 = Debug|Any CPU
		{30F5F4AD-3335-4A33-BA69-6474749F2558}.Debug|x86.ActiveCfg = Debug|Any CPU
		{30F5F4AD-3335-4A33-BA69-6474749F2558}.Debug|x86.Build.0 = Debug|Any CPU
		{30F5F4AD-3335-4A33-BA69-6474749F2558}.Release|Any CPU.ActiveCfg = Release|Any CPU
		{30F5F4AD-3335-4A33-BA69-6474749F2558}.Release|Any CPU.Build.0 = Release|Any CPU
		{30F5F4AD-3335-4A33-BA69-6474749F2558}.Release|ARM.ActiveCfg = Release|Any CPU
		{30F5F4AD-3335-4A33-BA69-6474749F2558}.Release|ARM.Build.0 = Release|Any CPU
		{30F5F4AD-3335-4A33-BA69-6474749F2558}.Release|iPhone.ActiveCfg = Release|Any CPU
		{30F5F4AD-3335-4A33-BA69-6474749F2558}.Release|iPhone.Build.0 = Release|Any CPU
		{30F5F4AD-3335-4A33-BA69-6474749F2558}.Release|iPhoneSimulator.ActiveCfg = Release|Any CPU
		{30F5F4AD-3335-4A33-BA69-6474749F2558}.Release|iPhoneSimulator.Build.0 = Release|Any CPU
		{30F5F4AD-3335-4A33-BA69-6474749F2558}.Release|x64.ActiveCfg = Release|Any CPU
		{30F5F4AD-3335-4A33-BA69-6474749F2558}.Release|x64.Build.0 = Release|Any CPU
		{30F5F4AD-3335-4A33-BA69-6474749F2558}.Release|x86.ActiveCfg = Release|Any CPU
		{30F5F4AD-3335-4A33-BA69-6474749F2558}.Release|x86.Build.0 = Release|Any CPU
		{2C9B353F-2ED8-4B32-A815-A42D1856D76B}.Ad-Hoc|Any CPU.ActiveCfg = Release|Any CPU
		{2C9B353F-2ED8-4B32-A815-A42D1856D76B}.Ad-Hoc|Any CPU.Build.0 = Release|Any CPU
		{2C9B353F-2ED8-4B32-A815-A42D1856D76B}.Ad-Hoc|ARM.ActiveCfg = Release|Any CPU
		{2C9B353F-2ED8-4B32-A815-A42D1856D76B}.Ad-Hoc|ARM.Build.0 = Release|Any CPU
		{2C9B353F-2ED8-4B32-A815-A42D1856D76B}.Ad-Hoc|iPhone.ActiveCfg = Release|Any CPU
		{2C9B353F-2ED8-4B32-A815-A42D1856D76B}.Ad-Hoc|iPhone.Build.0 = Release|Any CPU
		{2C9B353F-2ED8-4B32-A815-A42D1856D76B}.Ad-Hoc|iPhoneSimulator.ActiveCfg = Release|Any CPU
		{2C9B353F-2ED8-4B32-A815-A42D1856D76B}.Ad-Hoc|iPhoneSimulator.Build.0 = Release|Any CPU
		{2C9B353F-2ED8-4B32-A815-A42D1856D76B}.Ad-Hoc|x64.ActiveCfg = Release|Any CPU
		{2C9B353F-2ED8-4B32-A815-A42D1856D76B}.Ad-Hoc|x64.Build.0 = Release|Any CPU
		{2C9B353F-2ED8-4B32-A815-A42D1856D76B}.Ad-Hoc|x86.ActiveCfg = Release|Any CPU
		{2C9B353F-2ED8-4B32-A815-A42D1856D76B}.Ad-Hoc|x86.Build.0 = Release|Any CPU
		{2C9B353F-2ED8-4B32-A815-A42D1856D76B}.AppStore|Any CPU.ActiveCfg = Release|Any CPU
		{2C9B353F-2ED8-4B32-A815-A42D1856D76B}.AppStore|Any CPU.Build.0 = Release|Any CPU
		{2C9B353F-2ED8-4B32-A815-A42D1856D76B}.AppStore|ARM.ActiveCfg = Release|Any CPU
		{2C9B353F-2ED8-4B32-A815-A42D1856D76B}.AppStore|ARM.Build.0 = Release|Any CPU
		{2C9B353F-2ED8-4B32-A815-A42D1856D76B}.AppStore|iPhone.ActiveCfg = Release|Any CPU
		{2C9B353F-2ED8-4B32-A815-A42D1856D76B}.AppStore|iPhone.Build.0 = Release|Any CPU
		{2C9B353F-2ED8-4B32-A815-A42D1856D76B}.AppStore|iPhoneSimulator.ActiveCfg = Release|Any CPU
		{2C9B353F-2ED8-4B32-A815-A42D1856D76B}.AppStore|iPhoneSimulator.Build.0 = Release|Any CPU
		{2C9B353F-2ED8-4B32-A815-A42D1856D76B}.AppStore|x64.ActiveCfg = Release|Any CPU
		{2C9B353F-2ED8-4B32-A815-A42D1856D76B}.AppStore|x64.Build.0 = Release|Any CPU
		{2C9B353F-2ED8-4B32-A815-A42D1856D76B}.AppStore|x86.ActiveCfg = Release|Any CPU
		{2C9B353F-2ED8-4B32-A815-A42D1856D76B}.AppStore|x86.Build.0 = Release|Any CPU
		{2C9B353F-2ED8-4B32-A815-A42D1856D76B}.Debug|Any CPU.ActiveCfg = Debug|Any CPU
		{2C9B353F-2ED8-4B32-A815-A42D1856D76B}.Debug|Any CPU.Build.0 = Debug|Any CPU
		{2C9B353F-2ED8-4B32-A815-A42D1856D76B}.Debug|ARM.ActiveCfg = Debug|Any CPU
		{2C9B353F-2ED8-4B32-A815-A42D1856D76B}.Debug|ARM.Build.0 = Debug|Any CPU
		{2C9B353F-2ED8-4B32-A815-A42D1856D76B}.Debug|iPhone.ActiveCfg = Debug|Any CPU
		{2C9B353F-2ED8-4B32-A815-A42D1856D76B}.Debug|iPhone.Build.0 = Debug|Any CPU
		{2C9B353F-2ED8-4B32-A815-A42D1856D76B}.Debug|iPhoneSimulator.ActiveCfg = Debug|Any CPU
		{2C9B353F-2ED8-4B32-A815-A42D1856D76B}.Debug|iPhoneSimulator.Build.0 = Debug|Any CPU
		{2C9B353F-2ED8-4B32-A815-A42D1856D76B}.Debug|x64.ActiveCfg = Debug|Any CPU
		{2C9B353F-2ED8-4B32-A815-A42D1856D76B}.Debug|x64.Build.0 = Debug|Any CPU
		{2C9B353F-2ED8-4B32-A815-A42D1856D76B}.Debug|x86.ActiveCfg = Debug|Any CPU
		{2C9B353F-2ED8-4B32-A815-A42D1856D76B}.Debug|x86.Build.0 = Debug|Any CPU
		{2C9B353F-2ED8-4B32-A815-A42D1856D76B}.Release|Any CPU.ActiveCfg = Release|Any CPU
		{2C9B353F-2ED8-4B32-A815-A42D1856D76B}.Release|Any CPU.Build.0 = Release|Any CPU
		{2C9B353F-2ED8-4B32-A815-A42D1856D76B}.Release|ARM.ActiveCfg = Release|Any CPU
		{2C9B353F-2ED8-4B32-A815-A42D1856D76B}.Release|ARM.Build.0 = Release|Any CPU
		{2C9B353F-2ED8-4B32-A815-A42D1856D76B}.Release|iPhone.ActiveCfg = Release|Any CPU
		{2C9B353F-2ED8-4B32-A815-A42D1856D76B}.Release|iPhone.Build.0 = Release|Any CPU
		{2C9B353F-2ED8-4B32-A815-A42D1856D76B}.Release|iPhoneSimulator.ActiveCfg = Release|Any CPU
		{2C9B353F-2ED8-4B32-A815-A42D1856D76B}.Release|iPhoneSimulator.Build.0 = Release|Any CPU
		{2C9B353F-2ED8-4B32-A815-A42D1856D76B}.Release|x64.ActiveCfg = Release|Any CPU
		{2C9B353F-2ED8-4B32-A815-A42D1856D76B}.Release|x64.Build.0 = Release|Any CPU
		{2C9B353F-2ED8-4B32-A815-A42D1856D76B}.Release|x86.ActiveCfg = Release|Any CPU
		{2C9B353F-2ED8-4B32-A815-A42D1856D76B}.Release|x86.Build.0 = Release|Any CPU
		{0B605888-96BF-4476-9A72-EB4B99D70A7B}.Ad-Hoc|Any CPU.ActiveCfg = Release|Any CPU
		{0B605888-96BF-4476-9A72-EB4B99D70A7B}.Ad-Hoc|Any CPU.Build.0 = Release|Any CPU
		{0B605888-96BF-4476-9A72-EB4B99D70A7B}.Ad-Hoc|ARM.ActiveCfg = Release|Any CPU
		{0B605888-96BF-4476-9A72-EB4B99D70A7B}.Ad-Hoc|ARM.Build.0 = Release|Any CPU
		{0B605888-96BF-4476-9A72-EB4B99D70A7B}.Ad-Hoc|iPhone.ActiveCfg = Release|Any CPU
		{0B605888-96BF-4476-9A72-EB4B99D70A7B}.Ad-Hoc|iPhone.Build.0 = Release|Any CPU
		{0B605888-96BF-4476-9A72-EB4B99D70A7B}.Ad-Hoc|iPhoneSimulator.ActiveCfg = Release|Any CPU
		{0B605888-96BF-4476-9A72-EB4B99D70A7B}.Ad-Hoc|iPhoneSimulator.Build.0 = Release|Any CPU
		{0B605888-96BF-4476-9A72-EB4B99D70A7B}.Ad-Hoc|x64.ActiveCfg = Release|Any CPU
		{0B605888-96BF-4476-9A72-EB4B99D70A7B}.Ad-Hoc|x64.Build.0 = Release|Any CPU
		{0B605888-96BF-4476-9A72-EB4B99D70A7B}.Ad-Hoc|x86.ActiveCfg = Release|Any CPU
		{0B605888-96BF-4476-9A72-EB4B99D70A7B}.Ad-Hoc|x86.Build.0 = Release|Any CPU
		{0B605888-96BF-4476-9A72-EB4B99D70A7B}.AppStore|Any CPU.ActiveCfg = Release|Any CPU
		{0B605888-96BF-4476-9A72-EB4B99D70A7B}.AppStore|Any CPU.Build.0 = Release|Any CPU
		{0B605888-96BF-4476-9A72-EB4B99D70A7B}.AppStore|ARM.ActiveCfg = Release|Any CPU
		{0B605888-96BF-4476-9A72-EB4B99D70A7B}.AppStore|ARM.Build.0 = Release|Any CPU
		{0B605888-96BF-4476-9A72-EB4B99D70A7B}.AppStore|iPhone.ActiveCfg = Release|Any CPU
		{0B605888-96BF-4476-9A72-EB4B99D70A7B}.AppStore|iPhone.Build.0 = Release|Any CPU
		{0B605888-96BF-4476-9A72-EB4B99D70A7B}.AppStore|iPhoneSimulator.ActiveCfg = Release|Any CPU
		{0B605888-96BF-4476-9A72-EB4B99D70A7B}.AppStore|iPhoneSimulator.Build.0 = Release|Any CPU
		{0B605888-96BF-4476-9A72-EB4B99D70A7B}.AppStore|x64.ActiveCfg = Release|Any CPU
		{0B605888-96BF-4476-9A72-EB4B99D70A7B}.AppStore|x64.Build.0 = Release|Any CPU
		{0B605888-96BF-4476-9A72-EB4B99D70A7B}.AppStore|x86.ActiveCfg = Release|Any CPU
		{0B605888-96BF-4476-9A72-EB4B99D70A7B}.AppStore|x86.Build.0 = Release|Any CPU
		{0B605888-96BF-4476-9A72-EB4B99D70A7B}.Debug|Any CPU.ActiveCfg = Debug|Any CPU
		{0B605888-96BF-4476-9A72-EB4B99D70A7B}.Debug|Any CPU.Build.0 = Debug|Any CPU
		{0B605888-96BF-4476-9A72-EB4B99D70A7B}.Debug|ARM.ActiveCfg = Debug|Any CPU
		{0B605888-96BF-4476-9A72-EB4B99D70A7B}.Debug|ARM.Build.0 = Debug|Any CPU
		{0B605888-96BF-4476-9A72-EB4B99D70A7B}.Debug|iPhone.ActiveCfg = Debug|Any CPU
		{0B605888-96BF-4476-9A72-EB4B99D70A7B}.Debug|iPhone.Build.0 = Debug|Any CPU
		{0B605888-96BF-4476-9A72-EB4B99D70A7B}.Debug|iPhoneSimulator.ActiveCfg = Debug|Any CPU
		{0B605888-96BF-4476-9A72-EB4B99D70A7B}.Debug|iPhoneSimulator.Build.0 = Debug|Any CPU
		{0B605888-96BF-4476-9A72-EB4B99D70A7B}.Debug|x64.ActiveCfg = Debug|Any CPU
		{0B605888-96BF-4476-9A72-EB4B99D70A7B}.Debug|x64.Build.0 = Debug|Any CPU
		{0B605888-96BF-4476-9A72-EB4B99D70A7B}.Debug|x86.ActiveCfg = Debug|Any CPU
		{0B605888-96BF-4476-9A72-EB4B99D70A7B}.Debug|x86.Build.0 = Debug|Any CPU
		{0B605888-96BF-4476-9A72-EB4B99D70A7B}.Release|Any CPU.ActiveCfg = Release|Any CPU
		{0B605888-96BF-4476-9A72-EB4B99D70A7B}.Release|Any CPU.Build.0 = Release|Any CPU
		{0B605888-96BF-4476-9A72-EB4B99D70A7B}.Release|ARM.ActiveCfg = Release|Any CPU
		{0B605888-96BF-4476-9A72-EB4B99D70A7B}.Release|ARM.Build.0 = Release|Any CPU
		{0B605888-96BF-4476-9A72-EB4B99D70A7B}.Release|iPhone.ActiveCfg = Release|Any CPU
		{0B605888-96BF-4476-9A72-EB4B99D70A7B}.Release|iPhone.Build.0 = Release|Any CPU
		{0B605888-96BF-4476-9A72-EB4B99D70A7B}.Release|iPhoneSimulator.ActiveCfg = Release|Any CPU
		{0B605888-96BF-4476-9A72-EB4B99D70A7B}.Release|iPhoneSimulator.Build.0 = Release|Any CPU
		{0B605888-96BF-4476-9A72-EB4B99D70A7B}.Release|x64.ActiveCfg = Release|Any CPU
		{0B605888-96BF-4476-9A72-EB4B99D70A7B}.Release|x64.Build.0 = Release|Any CPU
		{0B605888-96BF-4476-9A72-EB4B99D70A7B}.Release|x86.ActiveCfg = Release|Any CPU
		{0B605888-96BF-4476-9A72-EB4B99D70A7B}.Release|x86.Build.0 = Release|Any CPU
		{B55D8796-3023-49DE-A012-A547AB386AC1}.Ad-Hoc|Any CPU.ActiveCfg = Release|Any CPU
		{B55D8796-3023-49DE-A012-A547AB386AC1}.Ad-Hoc|Any CPU.Build.0 = Release|Any CPU
		{B55D8796-3023-49DE-A012-A547AB386AC1}.Ad-Hoc|ARM.ActiveCfg = Release|Any CPU
		{B55D8796-3023-49DE-A012-A547AB386AC1}.Ad-Hoc|ARM.Build.0 = Release|Any CPU
		{B55D8796-3023-49DE-A012-A547AB386AC1}.Ad-Hoc|iPhone.ActiveCfg = Release|Any CPU
		{B55D8796-3023-49DE-A012-A547AB386AC1}.Ad-Hoc|iPhone.Build.0 = Release|Any CPU
		{B55D8796-3023-49DE-A012-A547AB386AC1}.Ad-Hoc|iPhoneSimulator.ActiveCfg = Release|Any CPU
		{B55D8796-3023-49DE-A012-A547AB386AC1}.Ad-Hoc|iPhoneSimulator.Build.0 = Release|Any CPU
		{B55D8796-3023-49DE-A012-A547AB386AC1}.Ad-Hoc|x64.ActiveCfg = Release|Any CPU
		{B55D8796-3023-49DE-A012-A547AB386AC1}.Ad-Hoc|x64.Build.0 = Release|Any CPU
		{B55D8796-3023-49DE-A012-A547AB386AC1}.Ad-Hoc|x86.ActiveCfg = Release|Any CPU
		{B55D8796-3023-49DE-A012-A547AB386AC1}.Ad-Hoc|x86.Build.0 = Release|Any CPU
		{B55D8796-3023-49DE-A012-A547AB386AC1}.AppStore|Any CPU.ActiveCfg = Release|Any CPU
		{B55D8796-3023-49DE-A012-A547AB386AC1}.AppStore|Any CPU.Build.0 = Release|Any CPU
		{B55D8796-3023-49DE-A012-A547AB386AC1}.AppStore|ARM.ActiveCfg = Release|Any CPU
		{B55D8796-3023-49DE-A012-A547AB386AC1}.AppStore|ARM.Build.0 = Release|Any CPU
		{B55D8796-3023-49DE-A012-A547AB386AC1}.AppStore|iPhone.ActiveCfg = Release|Any CPU
		{B55D8796-3023-49DE-A012-A547AB386AC1}.AppStore|iPhone.Build.0 = Release|Any CPU
		{B55D8796-3023-49DE-A012-A547AB386AC1}.AppStore|iPhoneSimulator.ActiveCfg = Release|Any CPU
		{B55D8796-3023-49DE-A012-A547AB386AC1}.AppStore|iPhoneSimulator.Build.0 = Release|Any CPU
		{B55D8796-3023-49DE-A012-A547AB386AC1}.AppStore|x64.ActiveCfg = Release|Any CPU
		{B55D8796-3023-49DE-A012-A547AB386AC1}.AppStore|x64.Build.0 = Release|Any CPU
		{B55D8796-3023-49DE-A012-A547AB386AC1}.AppStore|x86.ActiveCfg = Release|Any CPU
		{B55D8796-3023-49DE-A012-A547AB386AC1}.AppStore|x86.Build.0 = Release|Any CPU
		{B55D8796-3023-49DE-A012-A547AB386AC1}.Debug|Any CPU.ActiveCfg = Debug|Any CPU
		{B55D8796-3023-49DE-A012-A547AB386AC1}.Debug|Any CPU.Build.0 = Debug|Any CPU
		{B55D8796-3023-49DE-A012-A547AB386AC1}.Debug|ARM.ActiveCfg = Debug|Any CPU
		{B55D8796-3023-49DE-A012-A547AB386AC1}.Debug|ARM.Build.0 = Debug|Any CPU
		{B55D8796-3023-49DE-A012-A547AB386AC1}.Debug|iPhone.ActiveCfg = Debug|Any CPU
		{B55D8796-3023-49DE-A012-A547AB386AC1}.Debug|iPhone.Build.0 = Debug|Any CPU
		{B55D8796-3023-49DE-A012-A547AB386AC1}.Debug|iPhoneSimulator.ActiveCfg = Debug|Any CPU
		{B55D8796-3023-49DE-A012-A547AB386AC1}.Debug|iPhoneSimulator.Build.0 = Debug|Any CPU
		{B55D8796-3023-49DE-A012-A547AB386AC1}.Debug|x64.ActiveCfg = Debug|Any CPU
		{B55D8796-3023-49DE-A012-A547AB386AC1}.Debug|x64.Build.0 = Debug|Any CPU
		{B55D8796-3023-49DE-A012-A547AB386AC1}.Debug|x86.ActiveCfg = Debug|Any CPU
		{B55D8796-3023-49DE-A012-A547AB386AC1}.Debug|x86.Build.0 = Debug|Any CPU
		{B55D8796-3023-49DE-A012-A547AB386AC1}.Release|Any CPU.ActiveCfg = Release|Any CPU
		{B55D8796-3023-49DE-A012-A547AB386AC1}.Release|Any CPU.Build.0 = Release|Any CPU
		{B55D8796-3023-49DE-A012-A547AB386AC1}.Release|ARM.ActiveCfg = Release|Any CPU
		{B55D8796-3023-49DE-A012-A547AB386AC1}.Release|ARM.Build.0 = Release|Any CPU
		{B55D8796-3023-49DE-A012-A547AB386AC1}.Release|iPhone.ActiveCfg = Release|Any CPU
		{B55D8796-3023-49DE-A012-A547AB386AC1}.Release|iPhone.Build.0 = Release|Any CPU
		{B55D8796-3023-49DE-A012-A547AB386AC1}.Release|iPhoneSimulator.ActiveCfg = Release|Any CPU
		{B55D8796-3023-49DE-A012-A547AB386AC1}.Release|iPhoneSimulator.Build.0 = Release|Any CPU
		{B55D8796-3023-49DE-A012-A547AB386AC1}.Release|x64.ActiveCfg = Release|Any CPU
		{B55D8796-3023-49DE-A012-A547AB386AC1}.Release|x64.Build.0 = Release|Any CPU
		{B55D8796-3023-49DE-A012-A547AB386AC1}.Release|x86.ActiveCfg = Release|Any CPU
		{B55D8796-3023-49DE-A012-A547AB386AC1}.Release|x86.Build.0 = Release|Any CPU
		{433B17D7-5CDD-4EDD-8C3C-337D45C37560}.Ad-Hoc|Any CPU.ActiveCfg = Release
		{433B17D7-5CDD-4EDD-8C3C-337D45C37560}.Ad-Hoc|Any CPU.Build.0 = Release
		{433B17D7-5CDD-4EDD-8C3C-337D45C37560}.Ad-Hoc|ARM.ActiveCfg = Release
		{433B17D7-5CDD-4EDD-8C3C-337D45C37560}.Ad-Hoc|ARM.Build.0 = Release
		{433B17D7-5CDD-4EDD-8C3C-337D45C37560}.Ad-Hoc|iPhone.ActiveCfg = Release
		{433B17D7-5CDD-4EDD-8C3C-337D45C37560}.Ad-Hoc|iPhone.Build.0 = Release
		{433B17D7-5CDD-4EDD-8C3C-337D45C37560}.Ad-Hoc|iPhoneSimulator.ActiveCfg = Release
		{433B17D7-5CDD-4EDD-8C3C-337D45C37560}.Ad-Hoc|iPhoneSimulator.Build.0 = Release
		{433B17D7-5CDD-4EDD-8C3C-337D45C37560}.Ad-Hoc|x64.ActiveCfg = Release
		{433B17D7-5CDD-4EDD-8C3C-337D45C37560}.Ad-Hoc|x64.Build.0 = Release
		{433B17D7-5CDD-4EDD-8C3C-337D45C37560}.Ad-Hoc|x86.ActiveCfg = Release
		{433B17D7-5CDD-4EDD-8C3C-337D45C37560}.Ad-Hoc|x86.Build.0 = Release
		{433B17D7-5CDD-4EDD-8C3C-337D45C37560}.AppStore|Any CPU.ActiveCfg = Release
		{433B17D7-5CDD-4EDD-8C3C-337D45C37560}.AppStore|Any CPU.Build.0 = Release
		{433B17D7-5CDD-4EDD-8C3C-337D45C37560}.AppStore|ARM.ActiveCfg = Release
		{433B17D7-5CDD-4EDD-8C3C-337D45C37560}.AppStore|ARM.Build.0 = Release
		{433B17D7-5CDD-4EDD-8C3C-337D45C37560}.AppStore|iPhone.ActiveCfg = Release
		{433B17D7-5CDD-4EDD-8C3C-337D45C37560}.AppStore|iPhone.Build.0 = Release
		{433B17D7-5CDD-4EDD-8C3C-337D45C37560}.AppStore|iPhoneSimulator.ActiveCfg = Release
		{433B17D7-5CDD-4EDD-8C3C-337D45C37560}.AppStore|iPhoneSimulator.Build.0 = Release
		{433B17D7-5CDD-4EDD-8C3C-337D45C37560}.AppStore|x64.ActiveCfg = Release
		{433B17D7-5CDD-4EDD-8C3C-337D45C37560}.AppStore|x64.Build.0 = Release
		{433B17D7-5CDD-4EDD-8C3C-337D45C37560}.AppStore|x86.ActiveCfg = Release
		{433B17D7-5CDD-4EDD-8C3C-337D45C37560}.AppStore|x86.Build.0 = Release
		{433B17D7-5CDD-4EDD-8C3C-337D45C37560}.Debug|Any CPU.ActiveCfg = Debug
		{433B17D7-5CDD-4EDD-8C3C-337D45C37560}.Debug|Any CPU.Build.0 = Debug
		{433B17D7-5CDD-4EDD-8C3C-337D45C37560}.Debug|ARM.ActiveCfg = Debug
		{433B17D7-5CDD-4EDD-8C3C-337D45C37560}.Debug|ARM.Build.0 = Debug
		{433B17D7-5CDD-4EDD-8C3C-337D45C37560}.Debug|iPhone.ActiveCfg = Debug
		{433B17D7-5CDD-4EDD-8C3C-337D45C37560}.Debug|iPhone.Build.0 = Debug
		{433B17D7-5CDD-4EDD-8C3C-337D45C37560}.Debug|iPhoneSimulator.ActiveCfg = Debug
		{433B17D7-5CDD-4EDD-8C3C-337D45C37560}.Debug|iPhoneSimulator.Build.0 = Debug
		{433B17D7-5CDD-4EDD-8C3C-337D45C37560}.Debug|x64.ActiveCfg = Debug
		{433B17D7-5CDD-4EDD-8C3C-337D45C37560}.Debug|x64.Build.0 = Debug
		{433B17D7-5CDD-4EDD-8C3C-337D45C37560}.Debug|x86.ActiveCfg = Debug
		{433B17D7-5CDD-4EDD-8C3C-337D45C37560}.Debug|x86.Build.0 = Debug
		{433B17D7-5CDD-4EDD-8C3C-337D45C37560}.Release|Any CPU.ActiveCfg = Release
		{433B17D7-5CDD-4EDD-8C3C-337D45C37560}.Release|Any CPU.Build.0 = Release
		{433B17D7-5CDD-4EDD-8C3C-337D45C37560}.Release|ARM.ActiveCfg = Release
		{433B17D7-5CDD-4EDD-8C3C-337D45C37560}.Release|ARM.Build.0 = Release
		{433B17D7-5CDD-4EDD-8C3C-337D45C37560}.Release|iPhone.ActiveCfg = Release
		{433B17D7-5CDD-4EDD-8C3C-337D45C37560}.Release|iPhone.Build.0 = Release
		{433B17D7-5CDD-4EDD-8C3C-337D45C37560}.Release|iPhoneSimulator.ActiveCfg = Release
		{433B17D7-5CDD-4EDD-8C3C-337D45C37560}.Release|iPhoneSimulator.Build.0 = Release
		{433B17D7-5CDD-4EDD-8C3C-337D45C37560}.Release|x64.ActiveCfg = Release
		{433B17D7-5CDD-4EDD-8C3C-337D45C37560}.Release|x64.Build.0 = Release
		{433B17D7-5CDD-4EDD-8C3C-337D45C37560}.Release|x86.ActiveCfg = Release
		{433B17D7-5CDD-4EDD-8C3C-337D45C37560}.Release|x86.Build.0 = Release
		{7D16DAB3-1C7B-463A-B19C-69771EC257BF}.Ad-Hoc|Any CPU.ActiveCfg = Release|Any CPU
		{7D16DAB3-1C7B-463A-B19C-69771EC257BF}.Ad-Hoc|Any CPU.Build.0 = Release|Any CPU
		{7D16DAB3-1C7B-463A-B19C-69771EC257BF}.Ad-Hoc|ARM.ActiveCfg = Release|Any CPU
		{7D16DAB3-1C7B-463A-B19C-69771EC257BF}.Ad-Hoc|ARM.Build.0 = Release|Any CPU
		{7D16DAB3-1C7B-463A-B19C-69771EC257BF}.Ad-Hoc|iPhone.ActiveCfg = Release|Any CPU
		{7D16DAB3-1C7B-463A-B19C-69771EC257BF}.Ad-Hoc|iPhone.Build.0 = Release|Any CPU
		{7D16DAB3-1C7B-463A-B19C-69771EC257BF}.Ad-Hoc|iPhoneSimulator.ActiveCfg = Release|Any CPU
		{7D16DAB3-1C7B-463A-B19C-69771EC257BF}.Ad-Hoc|iPhoneSimulator.Build.0 = Release|Any CPU
		{7D16DAB3-1C7B-463A-B19C-69771EC257BF}.Ad-Hoc|x64.ActiveCfg = Release|Any CPU
		{7D16DAB3-1C7B-463A-B19C-69771EC257BF}.Ad-Hoc|x64.Build.0 = Release|Any CPU
		{7D16DAB3-1C7B-463A-B19C-69771EC257BF}.Ad-Hoc|x86.ActiveCfg = Release|Any CPU
		{7D16DAB3-1C7B-463A-B19C-69771EC257BF}.Ad-Hoc|x86.Build.0 = Release|Any CPU
		{7D16DAB3-1C7B-463A-B19C-69771EC257BF}.AppStore|Any CPU.ActiveCfg = Release|Any CPU
		{7D16DAB3-1C7B-463A-B19C-69771EC257BF}.AppStore|Any CPU.Build.0 = Release|Any CPU
		{7D16DAB3-1C7B-463A-B19C-69771EC257BF}.AppStore|ARM.ActiveCfg = Release|Any CPU
		{7D16DAB3-1C7B-463A-B19C-69771EC257BF}.AppStore|ARM.Build.0 = Release|Any CPU
		{7D16DAB3-1C7B-463A-B19C-69771EC257BF}.AppStore|iPhone.ActiveCfg = Release|Any CPU
		{7D16DAB3-1C7B-463A-B19C-69771EC257BF}.AppStore|iPhone.Build.0 = Release|Any CPU
		{7D16DAB3-1C7B-463A-B19C-69771EC257BF}.AppStore|iPhoneSimulator.ActiveCfg = Release|Any CPU
		{7D16DAB3-1C7B-463A-B19C-69771EC257BF}.AppStore|iPhoneSimulator.Build.0 = Release|Any CPU
		{7D16DAB3-1C7B-463A-B19C-69771EC257BF}.AppStore|x64.ActiveCfg = Release|Any CPU
		{7D16DAB3-1C7B-463A-B19C-69771EC257BF}.AppStore|x64.Build.0 = Release|Any CPU
		{7D16DAB3-1C7B-463A-B19C-69771EC257BF}.AppStore|x86.ActiveCfg = Release|Any CPU
		{7D16DAB3-1C7B-463A-B19C-69771EC257BF}.AppStore|x86.Build.0 = Release|Any CPU
		{7D16DAB3-1C7B-463A-B19C-69771EC257BF}.Debug|Any CPU.ActiveCfg = Debug|Any CPU
		{7D16DAB3-1C7B-463A-B19C-69771EC257BF}.Debug|Any CPU.Build.0 = Debug|Any CPU
		{7D16DAB3-1C7B-463A-B19C-69771EC257BF}.Debug|ARM.ActiveCfg = Debug|Any CPU
		{7D16DAB3-1C7B-463A-B19C-69771EC257BF}.Debug|ARM.Build.0 = Debug|Any CPU
		{7D16DAB3-1C7B-463A-B19C-69771EC257BF}.Debug|iPhone.ActiveCfg = Debug|Any CPU
		{7D16DAB3-1C7B-463A-B19C-69771EC257BF}.Debug|iPhone.Build.0 = Debug|Any CPU
		{7D16DAB3-1C7B-463A-B19C-69771EC257BF}.Debug|iPhoneSimulator.ActiveCfg = Debug|Any CPU
		{7D16DAB3-1C7B-463A-B19C-69771EC257BF}.Debug|iPhoneSimulator.Build.0 = Debug|Any CPU
		{7D16DAB3-1C7B-463A-B19C-69771EC257BF}.Debug|x64.ActiveCfg = Debug|Any CPU
		{7D16DAB3-1C7B-463A-B19C-69771EC257BF}.Debug|x64.Build.0 = Debug|Any CPU
		{7D16DAB3-1C7B-463A-B19C-69771EC257BF}.Debug|x86.ActiveCfg = Debug|Any CPU
		{7D16DAB3-1C7B-463A-B19C-69771EC257BF}.Debug|x86.Build.0 = Debug|Any CPU
		{7D16DAB3-1C7B-463A-B19C-69771EC257BF}.Release|Any CPU.ActiveCfg = Release|Any CPU
		{7D16DAB3-1C7B-463A-B19C-69771EC257BF}.Release|Any CPU.Build.0 = Release|Any CPU
		{7D16DAB3-1C7B-463A-B19C-69771EC257BF}.Release|ARM.ActiveCfg = Release|Any CPU
		{7D16DAB3-1C7B-463A-B19C-69771EC257BF}.Release|ARM.Build.0 = Release|Any CPU
		{7D16DAB3-1C7B-463A-B19C-69771EC257BF}.Release|iPhone.ActiveCfg = Release|Any CPU
		{7D16DAB3-1C7B-463A-B19C-69771EC257BF}.Release|iPhone.Build.0 = Release|Any CPU
		{7D16DAB3-1C7B-463A-B19C-69771EC257BF}.Release|iPhoneSimulator.ActiveCfg = Release|Any CPU
		{7D16DAB3-1C7B-463A-B19C-69771EC257BF}.Release|iPhoneSimulator.Build.0 = Release|Any CPU
		{7D16DAB3-1C7B-463A-B19C-69771EC257BF}.Release|x64.ActiveCfg = Release|Any CPU
		{7D16DAB3-1C7B-463A-B19C-69771EC257BF}.Release|x64.Build.0 = Release|Any CPU
		{7D16DAB3-1C7B-463A-B19C-69771EC257BF}.Release|x86.ActiveCfg = Release|Any CPU
		{7D16DAB3-1C7B-463A-B19C-69771EC257BF}.Release|x86.Build.0 = Release|Any CPU
		{2A792FF8-F3E2-490B-9F8B-974AC8224393}.Ad-Hoc|Any CPU.ActiveCfg = Release|Any CPU
		{2A792FF8-F3E2-490B-9F8B-974AC8224393}.Ad-Hoc|Any CPU.Build.0 = Release|Any CPU
		{2A792FF8-F3E2-490B-9F8B-974AC8224393}.Ad-Hoc|ARM.ActiveCfg = Release|Any CPU
		{2A792FF8-F3E2-490B-9F8B-974AC8224393}.Ad-Hoc|ARM.Build.0 = Release|Any CPU
		{2A792FF8-F3E2-490B-9F8B-974AC8224393}.Ad-Hoc|iPhone.ActiveCfg = Release|Any CPU
		{2A792FF8-F3E2-490B-9F8B-974AC8224393}.Ad-Hoc|iPhone.Build.0 = Release|Any CPU
		{2A792FF8-F3E2-490B-9F8B-974AC8224393}.Ad-Hoc|iPhoneSimulator.ActiveCfg = Release|Any CPU
		{2A792FF8-F3E2-490B-9F8B-974AC8224393}.Ad-Hoc|iPhoneSimulator.Build.0 = Release|Any CPU
		{2A792FF8-F3E2-490B-9F8B-974AC8224393}.Ad-Hoc|x64.ActiveCfg = Release|Any CPU
		{2A792FF8-F3E2-490B-9F8B-974AC8224393}.Ad-Hoc|x64.Build.0 = Release|Any CPU
		{2A792FF8-F3E2-490B-9F8B-974AC8224393}.Ad-Hoc|x86.ActiveCfg = Release|Any CPU
		{2A792FF8-F3E2-490B-9F8B-974AC8224393}.Ad-Hoc|x86.Build.0 = Release|Any CPU
		{2A792FF8-F3E2-490B-9F8B-974AC8224393}.AppStore|Any CPU.ActiveCfg = Release|Any CPU
		{2A792FF8-F3E2-490B-9F8B-974AC8224393}.AppStore|Any CPU.Build.0 = Release|Any CPU
		{2A792FF8-F3E2-490B-9F8B-974AC8224393}.AppStore|ARM.ActiveCfg = Release|Any CPU
		{2A792FF8-F3E2-490B-9F8B-974AC8224393}.AppStore|ARM.Build.0 = Release|Any CPU
		{2A792FF8-F3E2-490B-9F8B-974AC8224393}.AppStore|iPhone.ActiveCfg = Release|Any CPU
		{2A792FF8-F3E2-490B-9F8B-974AC8224393}.AppStore|iPhone.Build.0 = Release|Any CPU
		{2A792FF8-F3E2-490B-9F8B-974AC8224393}.AppStore|iPhoneSimulator.ActiveCfg = Release|Any CPU
		{2A792FF8-F3E2-490B-9F8B-974AC8224393}.AppStore|iPhoneSimulator.Build.0 = Release|Any CPU
		{2A792FF8-F3E2-490B-9F8B-974AC8224393}.AppStore|x64.ActiveCfg = Release|Any CPU
		{2A792FF8-F3E2-490B-9F8B-974AC8224393}.AppStore|x64.Build.0 = Release|Any CPU
		{2A792FF8-F3E2-490B-9F8B-974AC8224393}.AppStore|x86.ActiveCfg = Release|Any CPU
		{2A792FF8-F3E2-490B-9F8B-974AC8224393}.AppStore|x86.Build.0 = Release|Any CPU
		{2A792FF8-F3E2-490B-9F8B-974AC8224393}.Debug|Any CPU.ActiveCfg = Debug|Any CPU
		{2A792FF8-F3E2-490B-9F8B-974AC8224393}.Debug|Any CPU.Build.0 = Debug|Any CPU
		{2A792FF8-F3E2-490B-9F8B-974AC8224393}.Debug|ARM.ActiveCfg = Debug|Any CPU
		{2A792FF8-F3E2-490B-9F8B-974AC8224393}.Debug|ARM.Build.0 = Debug|Any CPU
		{2A792FF8-F3E2-490B-9F8B-974AC8224393}.Debug|iPhone.ActiveCfg = Debug|Any CPU
		{2A792FF8-F3E2-490B-9F8B-974AC8224393}.Debug|iPhone.Build.0 = Debug|Any CPU
		{2A792FF8-F3E2-490B-9F8B-974AC8224393}.Debug|iPhoneSimulator.ActiveCfg = Debug|Any CPU
		{2A792FF8-F3E2-490B-9F8B-974AC8224393}.Debug|iPhoneSimulator.Build.0 = Debug|Any CPU
		{2A792FF8-F3E2-490B-9F8B-974AC8224393}.Debug|x64.ActiveCfg = Debug|Any CPU
		{2A792FF8-F3E2-490B-9F8B-974AC8224393}.Debug|x64.Build.0 = Debug|Any CPU
		{2A792FF8-F3E2-490B-9F8B-974AC8224393}.Debug|x86.ActiveCfg = Debug|Any CPU
		{2A792FF8-F3E2-490B-9F8B-974AC8224393}.Debug|x86.Build.0 = Debug|Any CPU
		{2A792FF8-F3E2-490B-9F8B-974AC8224393}.Release|Any CPU.ActiveCfg = Release|Any CPU
		{2A792FF8-F3E2-490B-9F8B-974AC8224393}.Release|Any CPU.Build.0 = Release|Any CPU
		{2A792FF8-F3E2-490B-9F8B-974AC8224393}.Release|ARM.ActiveCfg = Release|Any CPU
		{2A792FF8-F3E2-490B-9F8B-974AC8224393}.Release|ARM.Build.0 = Release|Any CPU
		{2A792FF8-F3E2-490B-9F8B-974AC8224393}.Release|iPhone.ActiveCfg = Release|Any CPU
		{2A792FF8-F3E2-490B-9F8B-974AC8224393}.Release|iPhone.Build.0 = Release|Any CPU
		{2A792FF8-F3E2-490B-9F8B-974AC8224393}.Release|iPhoneSimulator.ActiveCfg = Release|Any CPU
		{2A792FF8-F3E2-490B-9F8B-974AC8224393}.Release|iPhoneSimulator.Build.0 = Release|Any CPU
		{2A792FF8-F3E2-490B-9F8B-974AC8224393}.Release|x64.ActiveCfg = Release|Any CPU
		{2A792FF8-F3E2-490B-9F8B-974AC8224393}.Release|x64.Build.0 = Release|Any CPU
		{2A792FF8-F3E2-490B-9F8B-974AC8224393}.Release|x86.ActiveCfg = Release|Any CPU
		{2A792FF8-F3E2-490B-9F8B-974AC8224393}.Release|x86.Build.0 = Release|Any CPU
		{57835A60-1D82-486A-9B3F-D02908B6FA10}.Ad-Hoc|Any CPU.ActiveCfg = Release|Any CPU
		{57835A60-1D82-486A-9B3F-D02908B6FA10}.Ad-Hoc|Any CPU.Build.0 = Release|Any CPU
		{57835A60-1D82-486A-9B3F-D02908B6FA10}.Ad-Hoc|ARM.ActiveCfg = Release|Any CPU
		{57835A60-1D82-486A-9B3F-D02908B6FA10}.Ad-Hoc|ARM.Build.0 = Release|Any CPU
		{57835A60-1D82-486A-9B3F-D02908B6FA10}.Ad-Hoc|iPhone.ActiveCfg = Release|Any CPU
		{57835A60-1D82-486A-9B3F-D02908B6FA10}.Ad-Hoc|iPhone.Build.0 = Release|Any CPU
		{57835A60-1D82-486A-9B3F-D02908B6FA10}.Ad-Hoc|iPhoneSimulator.ActiveCfg = Release|Any CPU
		{57835A60-1D82-486A-9B3F-D02908B6FA10}.Ad-Hoc|iPhoneSimulator.Build.0 = Release|Any CPU
		{57835A60-1D82-486A-9B3F-D02908B6FA10}.Ad-Hoc|x64.ActiveCfg = Release|Any CPU
		{57835A60-1D82-486A-9B3F-D02908B6FA10}.Ad-Hoc|x64.Build.0 = Release|Any CPU
		{57835A60-1D82-486A-9B3F-D02908B6FA10}.Ad-Hoc|x86.ActiveCfg = Release|Any CPU
		{57835A60-1D82-486A-9B3F-D02908B6FA10}.Ad-Hoc|x86.Build.0 = Release|Any CPU
		{57835A60-1D82-486A-9B3F-D02908B6FA10}.AppStore|Any CPU.ActiveCfg = Release|Any CPU
		{57835A60-1D82-486A-9B3F-D02908B6FA10}.AppStore|Any CPU.Build.0 = Release|Any CPU
		{57835A60-1D82-486A-9B3F-D02908B6FA10}.AppStore|ARM.ActiveCfg = Release|Any CPU
		{57835A60-1D82-486A-9B3F-D02908B6FA10}.AppStore|ARM.Build.0 = Release|Any CPU
		{57835A60-1D82-486A-9B3F-D02908B6FA10}.AppStore|iPhone.ActiveCfg = Release|Any CPU
		{57835A60-1D82-486A-9B3F-D02908B6FA10}.AppStore|iPhone.Build.0 = Release|Any CPU
		{57835A60-1D82-486A-9B3F-D02908B6FA10}.AppStore|iPhoneSimulator.ActiveCfg = Release|Any CPU
		{57835A60-1D82-486A-9B3F-D02908B6FA10}.AppStore|iPhoneSimulator.Build.0 = Release|Any CPU
		{57835A60-1D82-486A-9B3F-D02908B6FA10}.AppStore|x64.ActiveCfg = Release|Any CPU
		{57835A60-1D82-486A-9B3F-D02908B6FA10}.AppStore|x64.Build.0 = Release|Any CPU
		{57835A60-1D82-486A-9B3F-D02908B6FA10}.AppStore|x86.ActiveCfg = Release|Any CPU
		{57835A60-1D82-486A-9B3F-D02908B6FA10}.AppStore|x86.Build.0 = Release|Any CPU
		{57835A60-1D82-486A-9B3F-D02908B6FA10}.Debug|Any CPU.ActiveCfg = Debug|Any CPU
		{57835A60-1D82-486A-9B3F-D02908B6FA10}.Debug|Any CPU.Build.0 = Debug|Any CPU
		{57835A60-1D82-486A-9B3F-D02908B6FA10}.Debug|ARM.ActiveCfg = Debug|Any CPU
		{57835A60-1D82-486A-9B3F-D02908B6FA10}.Debug|ARM.Build.0 = Debug|Any CPU
		{57835A60-1D82-486A-9B3F-D02908B6FA10}.Debug|iPhone.ActiveCfg = Debug|Any CPU
		{57835A60-1D82-486A-9B3F-D02908B6FA10}.Debug|iPhone.Build.0 = Debug|Any CPU
		{57835A60-1D82-486A-9B3F-D02908B6FA10}.Debug|iPhoneSimulator.ActiveCfg = Debug|Any CPU
		{57835A60-1D82-486A-9B3F-D02908B6FA10}.Debug|iPhoneSimulator.Build.0 = Debug|Any CPU
		{57835A60-1D82-486A-9B3F-D02908B6FA10}.Debug|x64.ActiveCfg = Debug|Any CPU
		{57835A60-1D82-486A-9B3F-D02908B6FA10}.Debug|x64.Build.0 = Debug|Any CPU
		{57835A60-1D82-486A-9B3F-D02908B6FA10}.Debug|x86.ActiveCfg = Debug|Any CPU
		{57835A60-1D82-486A-9B3F-D02908B6FA10}.Debug|x86.Build.0 = Debug|Any CPU
		{57835A60-1D82-486A-9B3F-D02908B6FA10}.Release|Any CPU.ActiveCfg = Release|Any CPU
		{57835A60-1D82-486A-9B3F-D02908B6FA10}.Release|Any CPU.Build.0 = Release|Any CPU
		{57835A60-1D82-486A-9B3F-D02908B6FA10}.Release|ARM.ActiveCfg = Release|Any CPU
		{57835A60-1D82-486A-9B3F-D02908B6FA10}.Release|ARM.Build.0 = Release|Any CPU
		{57835A60-1D82-486A-9B3F-D02908B6FA10}.Release|iPhone.ActiveCfg = Release|Any CPU
		{57835A60-1D82-486A-9B3F-D02908B6FA10}.Release|iPhone.Build.0 = Release|Any CPU
		{57835A60-1D82-486A-9B3F-D02908B6FA10}.Release|iPhoneSimulator.ActiveCfg = Release|Any CPU
		{57835A60-1D82-486A-9B3F-D02908B6FA10}.Release|iPhoneSimulator.Build.0 = Release|Any CPU
		{57835A60-1D82-486A-9B3F-D02908B6FA10}.Release|x64.ActiveCfg = Release|Any CPU
		{57835A60-1D82-486A-9B3F-D02908B6FA10}.Release|x64.Build.0 = Release|Any CPU
		{57835A60-1D82-486A-9B3F-D02908B6FA10}.Release|x86.ActiveCfg = Release|Any CPU
		{57835A60-1D82-486A-9B3F-D02908B6FA10}.Release|x86.Build.0 = Release|Any CPU
		{42B37308-EC4C-4A77-B9B6-307EDD5E20F7}.Ad-Hoc|Any CPU.ActiveCfg = Release|Any CPU
		{42B37308-EC4C-4A77-B9B6-307EDD5E20F7}.Ad-Hoc|Any CPU.Build.0 = Release|Any CPU
		{42B37308-EC4C-4A77-B9B6-307EDD5E20F7}.Ad-Hoc|ARM.ActiveCfg = Release|Any CPU
		{42B37308-EC4C-4A77-B9B6-307EDD5E20F7}.Ad-Hoc|ARM.Build.0 = Release|Any CPU
		{42B37308-EC4C-4A77-B9B6-307EDD5E20F7}.Ad-Hoc|iPhone.ActiveCfg = Release|Any CPU
		{42B37308-EC4C-4A77-B9B6-307EDD5E20F7}.Ad-Hoc|iPhone.Build.0 = Release|Any CPU
		{42B37308-EC4C-4A77-B9B6-307EDD5E20F7}.Ad-Hoc|iPhoneSimulator.ActiveCfg = Release|Any CPU
		{42B37308-EC4C-4A77-B9B6-307EDD5E20F7}.Ad-Hoc|iPhoneSimulator.Build.0 = Release|Any CPU
		{42B37308-EC4C-4A77-B9B6-307EDD5E20F7}.Ad-Hoc|x64.ActiveCfg = Release|Any CPU
		{42B37308-EC4C-4A77-B9B6-307EDD5E20F7}.Ad-Hoc|x64.Build.0 = Release|Any CPU
		{42B37308-EC4C-4A77-B9B6-307EDD5E20F7}.Ad-Hoc|x86.ActiveCfg = Release|Any CPU
		{42B37308-EC4C-4A77-B9B6-307EDD5E20F7}.Ad-Hoc|x86.Build.0 = Release|Any CPU
		{42B37308-EC4C-4A77-B9B6-307EDD5E20F7}.AppStore|Any CPU.ActiveCfg = Release|Any CPU
		{42B37308-EC4C-4A77-B9B6-307EDD5E20F7}.AppStore|Any CPU.Build.0 = Release|Any CPU
		{42B37308-EC4C-4A77-B9B6-307EDD5E20F7}.AppStore|ARM.ActiveCfg = Release|Any CPU
		{42B37308-EC4C-4A77-B9B6-307EDD5E20F7}.AppStore|ARM.Build.0 = Release|Any CPU
		{42B37308-EC4C-4A77-B9B6-307EDD5E20F7}.AppStore|iPhone.ActiveCfg = Release|Any CPU
		{42B37308-EC4C-4A77-B9B6-307EDD5E20F7}.AppStore|iPhone.Build.0 = Release|Any CPU
		{42B37308-EC4C-4A77-B9B6-307EDD5E20F7}.AppStore|iPhoneSimulator.ActiveCfg = Release|Any CPU
		{42B37308-EC4C-4A77-B9B6-307EDD5E20F7}.AppStore|iPhoneSimulator.Build.0 = Release|Any CPU
		{42B37308-EC4C-4A77-B9B6-307EDD5E20F7}.AppStore|x64.ActiveCfg = Release|Any CPU
		{42B37308-EC4C-4A77-B9B6-307EDD5E20F7}.AppStore|x64.Build.0 = Release|Any CPU
		{42B37308-EC4C-4A77-B9B6-307EDD5E20F7}.AppStore|x86.ActiveCfg = Release|Any CPU
		{42B37308-EC4C-4A77-B9B6-307EDD5E20F7}.AppStore|x86.Build.0 = Release|Any CPU
		{42B37308-EC4C-4A77-B9B6-307EDD5E20F7}.Debug|Any CPU.ActiveCfg = Debug|Any CPU
		{42B37308-EC4C-4A77-B9B6-307EDD5E20F7}.Debug|Any CPU.Build.0 = Debug|Any CPU
		{42B37308-EC4C-4A77-B9B6-307EDD5E20F7}.Debug|ARM.ActiveCfg = Debug|Any CPU
		{42B37308-EC4C-4A77-B9B6-307EDD5E20F7}.Debug|ARM.Build.0 = Debug|Any CPU
		{42B37308-EC4C-4A77-B9B6-307EDD5E20F7}.Debug|iPhone.ActiveCfg = Debug|Any CPU
		{42B37308-EC4C-4A77-B9B6-307EDD5E20F7}.Debug|iPhone.Build.0 = Debug|Any CPU
		{42B37308-EC4C-4A77-B9B6-307EDD5E20F7}.Debug|iPhoneSimulator.ActiveCfg = Debug|Any CPU
		{42B37308-EC4C-4A77-B9B6-307EDD5E20F7}.Debug|iPhoneSimulator.Build.0 = Debug|Any CPU
		{42B37308-EC4C-4A77-B9B6-307EDD5E20F7}.Debug|x64.ActiveCfg = Debug|Any CPU
		{42B37308-EC4C-4A77-B9B6-307EDD5E20F7}.Debug|x64.Build.0 = Debug|Any CPU
		{42B37308-EC4C-4A77-B9B6-307EDD5E20F7}.Debug|x86.ActiveCfg = Debug|Any CPU
		{42B37308-EC4C-4A77-B9B6-307EDD5E20F7}.Debug|x86.Build.0 = Debug|Any CPU
		{42B37308-EC4C-4A77-B9B6-307EDD5E20F7}.Release|Any CPU.ActiveCfg = Release|Any CPU
		{42B37308-EC4C-4A77-B9B6-307EDD5E20F7}.Release|Any CPU.Build.0 = Release|Any CPU
		{42B37308-EC4C-4A77-B9B6-307EDD5E20F7}.Release|ARM.ActiveCfg = Release|Any CPU
		{42B37308-EC4C-4A77-B9B6-307EDD5E20F7}.Release|ARM.Build.0 = Release|Any CPU
		{42B37308-EC4C-4A77-B9B6-307EDD5E20F7}.Release|iPhone.ActiveCfg = Release|Any CPU
		{42B37308-EC4C-4A77-B9B6-307EDD5E20F7}.Release|iPhone.Build.0 = Release|Any CPU
		{42B37308-EC4C-4A77-B9B6-307EDD5E20F7}.Release|iPhoneSimulator.ActiveCfg = Release|Any CPU
		{42B37308-EC4C-4A77-B9B6-307EDD5E20F7}.Release|iPhoneSimulator.Build.0 = Release|Any CPU
		{42B37308-EC4C-4A77-B9B6-307EDD5E20F7}.Release|x64.ActiveCfg = Release|Any CPU
		{42B37308-EC4C-4A77-B9B6-307EDD5E20F7}.Release|x64.Build.0 = Release|Any CPU
		{42B37308-EC4C-4A77-B9B6-307EDD5E20F7}.Release|x86.ActiveCfg = Release|Any CPU
		{42B37308-EC4C-4A77-B9B6-307EDD5E20F7}.Release|x86.Build.0 = Release|Any CPU
		{D1EA23DC-7538-4785-9C3C-3902DCAE60A7}.Ad-Hoc|Any CPU.ActiveCfg = Release|Any CPU
		{D1EA23DC-7538-4785-9C3C-3902DCAE60A7}.Ad-Hoc|Any CPU.Build.0 = Release|Any CPU
		{D1EA23DC-7538-4785-9C3C-3902DCAE60A7}.Ad-Hoc|ARM.ActiveCfg = Release|Any CPU
		{D1EA23DC-7538-4785-9C3C-3902DCAE60A7}.Ad-Hoc|ARM.Build.0 = Release|Any CPU
		{D1EA23DC-7538-4785-9C3C-3902DCAE60A7}.Ad-Hoc|iPhone.ActiveCfg = Release|Any CPU
		{D1EA23DC-7538-4785-9C3C-3902DCAE60A7}.Ad-Hoc|iPhone.Build.0 = Release|Any CPU
		{D1EA23DC-7538-4785-9C3C-3902DCAE60A7}.Ad-Hoc|iPhoneSimulator.ActiveCfg = Release|Any CPU
		{D1EA23DC-7538-4785-9C3C-3902DCAE60A7}.Ad-Hoc|iPhoneSimulator.Build.0 = Release|Any CPU
		{D1EA23DC-7538-4785-9C3C-3902DCAE60A7}.Ad-Hoc|x64.ActiveCfg = Release|Any CPU
		{D1EA23DC-7538-4785-9C3C-3902DCAE60A7}.Ad-Hoc|x64.Build.0 = Release|Any CPU
		{D1EA23DC-7538-4785-9C3C-3902DCAE60A7}.Ad-Hoc|x86.ActiveCfg = Release|Any CPU
		{D1EA23DC-7538-4785-9C3C-3902DCAE60A7}.Ad-Hoc|x86.Build.0 = Release|Any CPU
		{D1EA23DC-7538-4785-9C3C-3902DCAE60A7}.AppStore|Any CPU.ActiveCfg = Release|Any CPU
		{D1EA23DC-7538-4785-9C3C-3902DCAE60A7}.AppStore|Any CPU.Build.0 = Release|Any CPU
		{D1EA23DC-7538-4785-9C3C-3902DCAE60A7}.AppStore|ARM.ActiveCfg = Release|Any CPU
		{D1EA23DC-7538-4785-9C3C-3902DCAE60A7}.AppStore|ARM.Build.0 = Release|Any CPU
		{D1EA23DC-7538-4785-9C3C-3902DCAE60A7}.AppStore|iPhone.ActiveCfg = Release|Any CPU
		{D1EA23DC-7538-4785-9C3C-3902DCAE60A7}.AppStore|iPhone.Build.0 = Release|Any CPU
		{D1EA23DC-7538-4785-9C3C-3902DCAE60A7}.AppStore|iPhoneSimulator.ActiveCfg = Release|Any CPU
		{D1EA23DC-7538-4785-9C3C-3902DCAE60A7}.AppStore|iPhoneSimulator.Build.0 = Release|Any CPU
		{D1EA23DC-7538-4785-9C3C-3902DCAE60A7}.AppStore|x64.ActiveCfg = Release|Any CPU
		{D1EA23DC-7538-4785-9C3C-3902DCAE60A7}.AppStore|x64.Build.0 = Release|Any CPU
		{D1EA23DC-7538-4785-9C3C-3902DCAE60A7}.AppStore|x86.ActiveCfg = Release|Any CPU
		{D1EA23DC-7538-4785-9C3C-3902DCAE60A7}.AppStore|x86.Build.0 = Release|Any CPU
		{D1EA23DC-7538-4785-9C3C-3902DCAE60A7}.Debug|Any CPU.ActiveCfg = Debug|Any CPU
		{D1EA23DC-7538-4785-9C3C-3902DCAE60A7}.Debug|Any CPU.Build.0 = Debug|Any CPU
		{D1EA23DC-7538-4785-9C3C-3902DCAE60A7}.Debug|ARM.ActiveCfg = Debug|Any CPU
		{D1EA23DC-7538-4785-9C3C-3902DCAE60A7}.Debug|ARM.Build.0 = Debug|Any CPU
		{D1EA23DC-7538-4785-9C3C-3902DCAE60A7}.Debug|iPhone.ActiveCfg = Debug|Any CPU
		{D1EA23DC-7538-4785-9C3C-3902DCAE60A7}.Debug|iPhone.Build.0 = Debug|Any CPU
		{D1EA23DC-7538-4785-9C3C-3902DCAE60A7}.Debug|iPhoneSimulator.ActiveCfg = Debug|Any CPU
		{D1EA23DC-7538-4785-9C3C-3902DCAE60A7}.Debug|iPhoneSimulator.Build.0 = Debug|Any CPU
		{D1EA23DC-7538-4785-9C3C-3902DCAE60A7}.Debug|x64.ActiveCfg = Debug|Any CPU
		{D1EA23DC-7538-4785-9C3C-3902DCAE60A7}.Debug|x64.Build.0 = Debug|Any CPU
		{D1EA23DC-7538-4785-9C3C-3902DCAE60A7}.Debug|x86.ActiveCfg = Debug|Any CPU
		{D1EA23DC-7538-4785-9C3C-3902DCAE60A7}.Debug|x86.Build.0 = Debug|Any CPU
		{D1EA23DC-7538-4785-9C3C-3902DCAE60A7}.Release|Any CPU.ActiveCfg = Release|Any CPU
		{D1EA23DC-7538-4785-9C3C-3902DCAE60A7}.Release|Any CPU.Build.0 = Release|Any CPU
		{D1EA23DC-7538-4785-9C3C-3902DCAE60A7}.Release|ARM.ActiveCfg = Release|Any CPU
		{D1EA23DC-7538-4785-9C3C-3902DCAE60A7}.Release|ARM.Build.0 = Release|Any CPU
		{D1EA23DC-7538-4785-9C3C-3902DCAE60A7}.Release|iPhone.ActiveCfg = Release|Any CPU
		{D1EA23DC-7538-4785-9C3C-3902DCAE60A7}.Release|iPhone.Build.0 = Release|Any CPU
		{D1EA23DC-7538-4785-9C3C-3902DCAE60A7}.Release|iPhoneSimulator.ActiveCfg = Release|Any CPU
		{D1EA23DC-7538-4785-9C3C-3902DCAE60A7}.Release|iPhoneSimulator.Build.0 = Release|Any CPU
		{D1EA23DC-7538-4785-9C3C-3902DCAE60A7}.Release|x64.ActiveCfg = Release|Any CPU
		{D1EA23DC-7538-4785-9C3C-3902DCAE60A7}.Release|x64.Build.0 = Release|Any CPU
		{D1EA23DC-7538-4785-9C3C-3902DCAE60A7}.Release|x86.ActiveCfg = Release|Any CPU
		{D1EA23DC-7538-4785-9C3C-3902DCAE60A7}.Release|x86.Build.0 = Release|Any CPU
		{873643E6-B16B-4DA1-9CE6-C552BE56D37F}.Ad-Hoc|Any CPU.ActiveCfg = Release|Any CPU
		{873643E6-B16B-4DA1-9CE6-C552BE56D37F}.Ad-Hoc|Any CPU.Build.0 = Release|Any CPU
		{873643E6-B16B-4DA1-9CE6-C552BE56D37F}.Ad-Hoc|Any CPU.Deploy.0 = Release|Any CPU
		{873643E6-B16B-4DA1-9CE6-C552BE56D37F}.Ad-Hoc|ARM.ActiveCfg = Release|Any CPU
		{873643E6-B16B-4DA1-9CE6-C552BE56D37F}.Ad-Hoc|ARM.Build.0 = Release|Any CPU
		{873643E6-B16B-4DA1-9CE6-C552BE56D37F}.Ad-Hoc|ARM.Deploy.0 = Release|Any CPU
		{873643E6-B16B-4DA1-9CE6-C552BE56D37F}.Ad-Hoc|iPhone.ActiveCfg = Release|Any CPU
		{873643E6-B16B-4DA1-9CE6-C552BE56D37F}.Ad-Hoc|iPhone.Build.0 = Release|Any CPU
		{873643E6-B16B-4DA1-9CE6-C552BE56D37F}.Ad-Hoc|iPhone.Deploy.0 = Release|Any CPU
		{873643E6-B16B-4DA1-9CE6-C552BE56D37F}.Ad-Hoc|iPhoneSimulator.ActiveCfg = Release|Any CPU
		{873643E6-B16B-4DA1-9CE6-C552BE56D37F}.Ad-Hoc|iPhoneSimulator.Build.0 = Release|Any CPU
		{873643E6-B16B-4DA1-9CE6-C552BE56D37F}.Ad-Hoc|iPhoneSimulator.Deploy.0 = Release|Any CPU
		{873643E6-B16B-4DA1-9CE6-C552BE56D37F}.Ad-Hoc|x64.ActiveCfg = Release|Any CPU
		{873643E6-B16B-4DA1-9CE6-C552BE56D37F}.Ad-Hoc|x64.Build.0 = Release|Any CPU
		{873643E6-B16B-4DA1-9CE6-C552BE56D37F}.Ad-Hoc|x64.Deploy.0 = Release|Any CPU
		{873643E6-B16B-4DA1-9CE6-C552BE56D37F}.Ad-Hoc|x86.ActiveCfg = Release|Any CPU
		{873643E6-B16B-4DA1-9CE6-C552BE56D37F}.Ad-Hoc|x86.Build.0 = Release|Any CPU
		{873643E6-B16B-4DA1-9CE6-C552BE56D37F}.Ad-Hoc|x86.Deploy.0 = Release|Any CPU
		{873643E6-B16B-4DA1-9CE6-C552BE56D37F}.AppStore|Any CPU.ActiveCfg = Release|Any CPU
		{873643E6-B16B-4DA1-9CE6-C552BE56D37F}.AppStore|Any CPU.Build.0 = Release|Any CPU
		{873643E6-B16B-4DA1-9CE6-C552BE56D37F}.AppStore|Any CPU.Deploy.0 = Release|Any CPU
		{873643E6-B16B-4DA1-9CE6-C552BE56D37F}.AppStore|ARM.ActiveCfg = Release|Any CPU
		{873643E6-B16B-4DA1-9CE6-C552BE56D37F}.AppStore|ARM.Build.0 = Release|Any CPU
		{873643E6-B16B-4DA1-9CE6-C552BE56D37F}.AppStore|ARM.Deploy.0 = Release|Any CPU
		{873643E6-B16B-4DA1-9CE6-C552BE56D37F}.AppStore|iPhone.ActiveCfg = Release|Any CPU
		{873643E6-B16B-4DA1-9CE6-C552BE56D37F}.AppStore|iPhone.Build.0 = Release|Any CPU
		{873643E6-B16B-4DA1-9CE6-C552BE56D37F}.AppStore|iPhone.Deploy.0 = Release|Any CPU
		{873643E6-B16B-4DA1-9CE6-C552BE56D37F}.AppStore|iPhoneSimulator.ActiveCfg = Release|Any CPU
		{873643E6-B16B-4DA1-9CE6-C552BE56D37F}.AppStore|iPhoneSimulator.Build.0 = Release|Any CPU
		{873643E6-B16B-4DA1-9CE6-C552BE56D37F}.AppStore|iPhoneSimulator.Deploy.0 = Release|Any CPU
		{873643E6-B16B-4DA1-9CE6-C552BE56D37F}.AppStore|x64.ActiveCfg = Release|Any CPU
		{873643E6-B16B-4DA1-9CE6-C552BE56D37F}.AppStore|x64.Build.0 = Release|Any CPU
		{873643E6-B16B-4DA1-9CE6-C552BE56D37F}.AppStore|x64.Deploy.0 = Release|Any CPU
		{873643E6-B16B-4DA1-9CE6-C552BE56D37F}.AppStore|x86.ActiveCfg = Release|Any CPU
		{873643E6-B16B-4DA1-9CE6-C552BE56D37F}.AppStore|x86.Build.0 = Release|Any CPU
		{873643E6-B16B-4DA1-9CE6-C552BE56D37F}.AppStore|x86.Deploy.0 = Release|Any CPU
		{873643E6-B16B-4DA1-9CE6-C552BE56D37F}.Debug|Any CPU.ActiveCfg = Debug|Any CPU
		{873643E6-B16B-4DA1-9CE6-C552BE56D37F}.Debug|Any CPU.Build.0 = Debug|Any CPU
		{873643E6-B16B-4DA1-9CE6-C552BE56D37F}.Debug|Any CPU.Deploy.0 = Debug|Any CPU
		{873643E6-B16B-4DA1-9CE6-C552BE56D37F}.Debug|ARM.ActiveCfg = Debug|Any CPU
		{873643E6-B16B-4DA1-9CE6-C552BE56D37F}.Debug|ARM.Build.0 = Debug|Any CPU
		{873643E6-B16B-4DA1-9CE6-C552BE56D37F}.Debug|ARM.Deploy.0 = Debug|Any CPU
		{873643E6-B16B-4DA1-9CE6-C552BE56D37F}.Debug|iPhone.ActiveCfg = Debug|Any CPU
		{873643E6-B16B-4DA1-9CE6-C552BE56D37F}.Debug|iPhone.Build.0 = Debug|Any CPU
		{873643E6-B16B-4DA1-9CE6-C552BE56D37F}.Debug|iPhone.Deploy.0 = Debug|Any CPU
		{873643E6-B16B-4DA1-9CE6-C552BE56D37F}.Debug|iPhoneSimulator.ActiveCfg = Debug|Any CPU
		{873643E6-B16B-4DA1-9CE6-C552BE56D37F}.Debug|iPhoneSimulator.Build.0 = Debug|Any CPU
		{873643E6-B16B-4DA1-9CE6-C552BE56D37F}.Debug|iPhoneSimulator.Deploy.0 = Debug|Any CPU
		{873643E6-B16B-4DA1-9CE6-C552BE56D37F}.Debug|x64.ActiveCfg = Debug|Any CPU
		{873643E6-B16B-4DA1-9CE6-C552BE56D37F}.Debug|x64.Build.0 = Debug|Any CPU
		{873643E6-B16B-4DA1-9CE6-C552BE56D37F}.Debug|x64.Deploy.0 = Debug|Any CPU
		{873643E6-B16B-4DA1-9CE6-C552BE56D37F}.Debug|x86.ActiveCfg = Debug|Any CPU
		{873643E6-B16B-4DA1-9CE6-C552BE56D37F}.Debug|x86.Build.0 = Debug|Any CPU
		{873643E6-B16B-4DA1-9CE6-C552BE56D37F}.Debug|x86.Deploy.0 = Debug|Any CPU
		{873643E6-B16B-4DA1-9CE6-C552BE56D37F}.Release|Any CPU.ActiveCfg = Release|Any CPU
		{873643E6-B16B-4DA1-9CE6-C552BE56D37F}.Release|Any CPU.Build.0 = Release|Any CPU
		{873643E6-B16B-4DA1-9CE6-C552BE56D37F}.Release|Any CPU.Deploy.0 = Release|Any CPU
		{873643E6-B16B-4DA1-9CE6-C552BE56D37F}.Release|ARM.ActiveCfg = Release|Any CPU
		{873643E6-B16B-4DA1-9CE6-C552BE56D37F}.Release|ARM.Build.0 = Release|Any CPU
		{873643E6-B16B-4DA1-9CE6-C552BE56D37F}.Release|ARM.Deploy.0 = Release|Any CPU
		{873643E6-B16B-4DA1-9CE6-C552BE56D37F}.Release|iPhone.ActiveCfg = Release|Any CPU
		{873643E6-B16B-4DA1-9CE6-C552BE56D37F}.Release|iPhone.Build.0 = Release|Any CPU
		{873643E6-B16B-4DA1-9CE6-C552BE56D37F}.Release|iPhone.Deploy.0 = Release|Any CPU
		{873643E6-B16B-4DA1-9CE6-C552BE56D37F}.Release|iPhoneSimulator.ActiveCfg = Release|Any CPU
		{873643E6-B16B-4DA1-9CE6-C552BE56D37F}.Release|iPhoneSimulator.Build.0 = Release|Any CPU
		{873643E6-B16B-4DA1-9CE6-C552BE56D37F}.Release|iPhoneSimulator.Deploy.0 = Release|Any CPU
		{873643E6-B16B-4DA1-9CE6-C552BE56D37F}.Release|x64.ActiveCfg = Release|Any CPU
		{873643E6-B16B-4DA1-9CE6-C552BE56D37F}.Release|x64.Build.0 = Release|Any CPU
		{873643E6-B16B-4DA1-9CE6-C552BE56D37F}.Release|x64.Deploy.0 = Release|Any CPU
		{873643E6-B16B-4DA1-9CE6-C552BE56D37F}.Release|x86.ActiveCfg = Release|Any CPU
		{873643E6-B16B-4DA1-9CE6-C552BE56D37F}.Release|x86.Build.0 = Release|Any CPU
		{873643E6-B16B-4DA1-9CE6-C552BE56D37F}.Release|x86.Deploy.0 = Release|Any CPU
		{EEABE2CE-C22F-4EFA-85C9-B9BBBC70B33E}.Ad-Hoc|Any CPU.ActiveCfg = Release|Any CPU
		{EEABE2CE-C22F-4EFA-85C9-B9BBBC70B33E}.Ad-Hoc|Any CPU.Build.0 = Release|Any CPU
		{EEABE2CE-C22F-4EFA-85C9-B9BBBC70B33E}.Ad-Hoc|ARM.ActiveCfg = Release|Any CPU
		{EEABE2CE-C22F-4EFA-85C9-B9BBBC70B33E}.Ad-Hoc|ARM.Build.0 = Release|Any CPU
		{EEABE2CE-C22F-4EFA-85C9-B9BBBC70B33E}.Ad-Hoc|iPhone.ActiveCfg = Release|Any CPU
		{EEABE2CE-C22F-4EFA-85C9-B9BBBC70B33E}.Ad-Hoc|iPhone.Build.0 = Release|Any CPU
		{EEABE2CE-C22F-4EFA-85C9-B9BBBC70B33E}.Ad-Hoc|iPhoneSimulator.ActiveCfg = Release|Any CPU
		{EEABE2CE-C22F-4EFA-85C9-B9BBBC70B33E}.Ad-Hoc|iPhoneSimulator.Build.0 = Release|Any CPU
		{EEABE2CE-C22F-4EFA-85C9-B9BBBC70B33E}.Ad-Hoc|x64.ActiveCfg = Release|Any CPU
		{EEABE2CE-C22F-4EFA-85C9-B9BBBC70B33E}.Ad-Hoc|x64.Build.0 = Release|Any CPU
		{EEABE2CE-C22F-4EFA-85C9-B9BBBC70B33E}.Ad-Hoc|x86.ActiveCfg = Release|Any CPU
		{EEABE2CE-C22F-4EFA-85C9-B9BBBC70B33E}.Ad-Hoc|x86.Build.0 = Release|Any CPU
		{EEABE2CE-C22F-4EFA-85C9-B9BBBC70B33E}.AppStore|Any CPU.ActiveCfg = Release|Any CPU
		{EEABE2CE-C22F-4EFA-85C9-B9BBBC70B33E}.AppStore|Any CPU.Build.0 = Release|Any CPU
		{EEABE2CE-C22F-4EFA-85C9-B9BBBC70B33E}.AppStore|ARM.ActiveCfg = Release|Any CPU
		{EEABE2CE-C22F-4EFA-85C9-B9BBBC70B33E}.AppStore|ARM.Build.0 = Release|Any CPU
		{EEABE2CE-C22F-4EFA-85C9-B9BBBC70B33E}.AppStore|iPhone.ActiveCfg = Release|Any CPU
		{EEABE2CE-C22F-4EFA-85C9-B9BBBC70B33E}.AppStore|iPhone.Build.0 = Release|Any CPU
		{EEABE2CE-C22F-4EFA-85C9-B9BBBC70B33E}.AppStore|iPhoneSimulator.ActiveCfg = Release|Any CPU
		{EEABE2CE-C22F-4EFA-85C9-B9BBBC70B33E}.AppStore|iPhoneSimulator.Build.0 = Release|Any CPU
		{EEABE2CE-C22F-4EFA-85C9-B9BBBC70B33E}.AppStore|x64.ActiveCfg = Release|Any CPU
		{EEABE2CE-C22F-4EFA-85C9-B9BBBC70B33E}.AppStore|x64.Build.0 = Release|Any CPU
		{EEABE2CE-C22F-4EFA-85C9-B9BBBC70B33E}.AppStore|x86.ActiveCfg = Release|Any CPU
		{EEABE2CE-C22F-4EFA-85C9-B9BBBC70B33E}.AppStore|x86.Build.0 = Release|Any CPU
		{EEABE2CE-C22F-4EFA-85C9-B9BBBC70B33E}.Debug|Any CPU.ActiveCfg = Debug|Any CPU
		{EEABE2CE-C22F-4EFA-85C9-B9BBBC70B33E}.Debug|Any CPU.Build.0 = Debug|Any CPU
		{EEABE2CE-C22F-4EFA-85C9-B9BBBC70B33E}.Debug|ARM.ActiveCfg = Debug|Any CPU
		{EEABE2CE-C22F-4EFA-85C9-B9BBBC70B33E}.Debug|ARM.Build.0 = Debug|Any CPU
		{EEABE2CE-C22F-4EFA-85C9-B9BBBC70B33E}.Debug|iPhone.ActiveCfg = Debug|Any CPU
		{EEABE2CE-C22F-4EFA-85C9-B9BBBC70B33E}.Debug|iPhone.Build.0 = Debug|Any CPU
		{EEABE2CE-C22F-4EFA-85C9-B9BBBC70B33E}.Debug|iPhoneSimulator.ActiveCfg = Debug|Any CPU
		{EEABE2CE-C22F-4EFA-85C9-B9BBBC70B33E}.Debug|iPhoneSimulator.Build.0 = Debug|Any CPU
		{EEABE2CE-C22F-4EFA-85C9-B9BBBC70B33E}.Debug|x64.ActiveCfg = Debug|Any CPU
		{EEABE2CE-C22F-4EFA-85C9-B9BBBC70B33E}.Debug|x64.Build.0 = Debug|Any CPU
		{EEABE2CE-C22F-4EFA-85C9-B9BBBC70B33E}.Debug|x86.ActiveCfg = Debug|Any CPU
		{EEABE2CE-C22F-4EFA-85C9-B9BBBC70B33E}.Debug|x86.Build.0 = Debug|Any CPU
		{EEABE2CE-C22F-4EFA-85C9-B9BBBC70B33E}.Release|Any CPU.ActiveCfg = Release|Any CPU
		{EEABE2CE-C22F-4EFA-85C9-B9BBBC70B33E}.Release|Any CPU.Build.0 = Release|Any CPU
		{EEABE2CE-C22F-4EFA-85C9-B9BBBC70B33E}.Release|ARM.ActiveCfg = Release|Any CPU
		{EEABE2CE-C22F-4EFA-85C9-B9BBBC70B33E}.Release|ARM.Build.0 = Release|Any CPU
		{EEABE2CE-C22F-4EFA-85C9-B9BBBC70B33E}.Release|iPhone.ActiveCfg = Release|Any CPU
		{EEABE2CE-C22F-4EFA-85C9-B9BBBC70B33E}.Release|iPhone.Build.0 = Release|Any CPU
		{EEABE2CE-C22F-4EFA-85C9-B9BBBC70B33E}.Release|iPhoneSimulator.ActiveCfg = Release|Any CPU
		{EEABE2CE-C22F-4EFA-85C9-B9BBBC70B33E}.Release|iPhoneSimulator.Build.0 = Release|Any CPU
		{EEABE2CE-C22F-4EFA-85C9-B9BBBC70B33E}.Release|x64.ActiveCfg = Release|Any CPU
		{EEABE2CE-C22F-4EFA-85C9-B9BBBC70B33E}.Release|x64.Build.0 = Release|Any CPU
		{EEABE2CE-C22F-4EFA-85C9-B9BBBC70B33E}.Release|x86.ActiveCfg = Release|Any CPU
		{EEABE2CE-C22F-4EFA-85C9-B9BBBC70B33E}.Release|x86.Build.0 = Release|Any CPU
	EndGlobalSection
	GlobalSection(SolutionProperties) = preSolution
		HideSolutionNode = FALSE
	EndGlobalSection
	GlobalSection(NestedProjects) = preSolution
		{D1EA23DC-7538-4785-9C3C-3902DCAE60A7} = {9CE618CE-1328-4883-A652-41F0CC173713}
		{873643E6-B16B-4DA1-9CE6-C552BE56D37F} = {9CE618CE-1328-4883-A652-41F0CC173713}
	EndGlobalSection
EndGlobal
